// !$*UTF8*$!
{
	archiveVersion = 1;
	classes = {
	};
	objectVersion = 55;
	objects = {

/* Begin PBXBuildFile section */
		04266A70291D9B450097C3D9 /* CharaterDetailsViewController.swift in Sources */ = {isa = PBXBuildFile; fileRef = 04266A6E291D9B450097C3D9 /* CharaterDetailsViewController.swift */; };
		04266A71291D9B450097C3D9 /* CharaterDetailsViewController.xib in Resources */ = {isa = PBXBuildFile; fileRef = 04266A6F291D9B450097C3D9 /* CharaterDetailsViewController.xib */; };
		04266A76291DA5560097C3D9 /* CharacterDetailsTableViewCell.swift in Sources */ = {isa = PBXBuildFile; fileRef = 04266A74291DA5560097C3D9 /* CharacterDetailsTableViewCell.swift */; };
		04266A77291DA5560097C3D9 /* CharacterDetailsTableViewCell.xib in Resources */ = {isa = PBXBuildFile; fileRef = 04266A75291DA5560097C3D9 /* CharacterDetailsTableViewCell.xib */; };
		04266A7A291DADF50097C3D9 /* ComicsSeriesStoriesEventsTblCell.swift in Sources */ = {isa = PBXBuildFile; fileRef = 04266A78291DADF50097C3D9 /* ComicsSeriesStoriesEventsTblCell.swift */; };
		04266A7B291DADF50097C3D9 /* ComicsSeriesStoriesEventsTblCell.xib in Resources */ = {isa = PBXBuildFile; fileRef = 04266A79291DADF50097C3D9 /* ComicsSeriesStoriesEventsTblCell.xib */; };
		04266A7F291DBA950097C3D9 /* CharacterDetailsCollectionViewCell.swift in Sources */ = {isa = PBXBuildFile; fileRef = 04266A7D291DBA950097C3D9 /* CharacterDetailsCollectionViewCell.swift */; };
		04266A80291DBA950097C3D9 /* CharacterDetailsCollectionViewCell.xib in Resources */ = {isa = PBXBuildFile; fileRef = 04266A7E291DBA950097C3D9 /* CharacterDetailsCollectionViewCell.xib */; };
		04266A82291DC1D20097C3D9 /* GetCharacterResources.swift in Sources */ = {isa = PBXBuildFile; fileRef = 04266A81291DC1D20097C3D9 /* GetCharacterResources.swift */; };
		04266A86291DDC960097C3D9 /* CharacterSearchViewController.swift in Sources */ = {isa = PBXBuildFile; fileRef = 04266A84291DDC960097C3D9 /* CharacterSearchViewController.swift */; };
		04266A87291DDC960097C3D9 /* CharacterSearchViewController.xib in Resources */ = {isa = PBXBuildFile; fileRef = 04266A85291DDC960097C3D9 /* CharacterSearchViewController.xib */; };
		04266A8D291DF5E00097C3D9 /* SearchCharacterTableViewCell.swift in Sources */ = {isa = PBXBuildFile; fileRef = 04266A8B291DF5E00097C3D9 /* SearchCharacterTableViewCell.swift */; };
		04266A8E291DF5E00097C3D9 /* SearchCharacterTableViewCell.xib in Resources */ = {isa = PBXBuildFile; fileRef = 04266A8C291DF5E00097C3D9 /* SearchCharacterTableViewCell.xib */; };
		04DF1BD5291AC26600BF8DC6 /* AppDelegate.swift in Sources */ = {isa = PBXBuildFile; fileRef = 04DF1BD4291AC26600BF8DC6 /* AppDelegate.swift */; };
		04DF1BD7291AC26600BF8DC6 /* SceneDelegate.swift in Sources */ = {isa = PBXBuildFile; fileRef = 04DF1BD6291AC26600BF8DC6 /* SceneDelegate.swift */; };
		04DF1BD9291AC26600BF8DC6 /* ViewController.swift in Sources */ = {isa = PBXBuildFile; fileRef = 04DF1BD8291AC26600BF8DC6 /* ViewController.swift */; };
		04DF1BDC291AC26600BF8DC6 /* Main.storyboard in Resources */ = {isa = PBXBuildFile; fileRef = 04DF1BDA291AC26600BF8DC6 /* Main.storyboard */; };
		04DF1BDF291AC26600BF8DC6 /* Marvel.xcdatamodeld in Sources */ = {isa = PBXBuildFile; fileRef = 04DF1BDD291AC26600BF8DC6 /* Marvel.xcdatamodeld */; };
		04DF1BE1291AC26700BF8DC6 /* Assets.xcassets in Resources */ = {isa = PBXBuildFile; fileRef = 04DF1BE0291AC26700BF8DC6 /* Assets.xcassets */; };
		04DF1BE4291AC26700BF8DC6 /* LaunchScreen.storyboard in Resources */ = {isa = PBXBuildFile; fileRef = 04DF1BE2291AC26700BF8DC6 /* LaunchScreen.storyboard */; };
		04DF1BEF291AC26700BF8DC6 /* MarvelTests.swift in Sources */ = {isa = PBXBuildFile; fileRef = 04DF1BEE291AC26700BF8DC6 /* MarvelTests.swift */; };
		04DF1BF9291AC26700BF8DC6 /* MarvelUITests.swift in Sources */ = {isa = PBXBuildFile; fileRef = 04DF1BF8291AC26700BF8DC6 /* MarvelUITests.swift */; };
		04DF1BFB291AC26700BF8DC6 /* MarvelUITestsLaunchTests.swift in Sources */ = {isa = PBXBuildFile; fileRef = 04DF1BFA291AC26700BF8DC6 /* MarvelUITestsLaunchTests.swift */; };
		04DF1C09291AC2C100BF8DC6 /* Kingfisher in Frameworks */ = {isa = PBXBuildFile; productRef = 04DF1C08291AC2C100BF8DC6 /* Kingfisher */; };
		04DF1C0C291AC2D500BF8DC6 /* Alamofire in Frameworks */ = {isa = PBXBuildFile; productRef = 04DF1C0B291AC2D500BF8DC6 /* Alamofire */; };
		04DF1C0F291AC31B00BF8DC6 /* TopVC.swift in Sources */ = {isa = PBXBuildFile; fileRef = 04DF1C0E291AC31B00BF8DC6 /* TopVC.swift */; };
		04DF1C11291AC34F00BF8DC6 /* Toast.swift in Sources */ = {isa = PBXBuildFile; fileRef = 04DF1C10291AC34F00BF8DC6 /* Toast.swift */; };
		04DF1C15291AC3AF00BF8DC6 /* UIImgae+KingFisher.swift in Sources */ = {isa = PBXBuildFile; fileRef = 04DF1C14291AC3AF00BF8DC6 /* UIImgae+KingFisher.swift */; };
		04DF1C19291AD8E500BF8DC6 /* AlamoCodableAPIHandel.swift in Sources */ = {isa = PBXBuildFile; fileRef = 04DF1C18291AD8E500BF8DC6 /* AlamoCodableAPIHandel.swift */; };
		04DF1C1B291AD8FA00BF8DC6 /* CustomInterceptor.swift in Sources */ = {isa = PBXBuildFile; fileRef = 04DF1C1A291AD8FA00BF8DC6 /* CustomInterceptor.swift */; };
		04DF1C1D291AD90F00BF8DC6 /* AnyType.swift in Sources */ = {isa = PBXBuildFile; fileRef = 04DF1C1C291AD90F00BF8DC6 /* AnyType.swift */; };
		04DF1C1F291AD92700BF8DC6 /* Constants.swift in Sources */ = {isa = PBXBuildFile; fileRef = 04DF1C1E291AD92700BF8DC6 /* Constants.swift */; };
		04DF1C21291AD96C00BF8DC6 /* Device.swift in Sources */ = {isa = PBXBuildFile; fileRef = 04DF1C20291AD96C00BF8DC6 /* Device.swift */; };
		04DF1C26291ADCFC00BF8DC6 /* ResponseError.swift in Sources */ = {isa = PBXBuildFile; fileRef = 04DF1C25291ADCFC00BF8DC6 /* ResponseError.swift */; };
		04DF1C28291AE35600BF8DC6 /* GetCharacters.swift in Sources */ = {isa = PBXBuildFile; fileRef = 04DF1C27291AE35600BF8DC6 /* GetCharacters.swift */; };
		04DF1C2A291AE72900BF8DC6 /* Functions.swift in Sources */ = {isa = PBXBuildFile; fileRef = 04DF1C29291AE72900BF8DC6 /* Functions.swift */; };
		04DF1C2E291AE7A100BF8DC6 /* CharactersListViewController.swift in Sources */ = {isa = PBXBuildFile; fileRef = 04DF1C2C291AE7A100BF8DC6 /* CharactersListViewController.swift */; };
		04DF1C2F291AE7A100BF8DC6 /* CharactersListViewController.xib in Resources */ = {isa = PBXBuildFile; fileRef = 04DF1C2D291AE7A100BF8DC6 /* CharactersListViewController.xib */; };
		04DF1C32291AEB2B00BF8DC6 /* BaseNC.swift in Sources */ = {isa = PBXBuildFile; fileRef = 04DF1C31291AEB2B00BF8DC6 /* BaseNC.swift */; };
		04DF1C34291AF76800BF8DC6 /* RoundesCorner+Extension.swift in Sources */ = {isa = PBXBuildFile; fileRef = 04DF1C33291AF76800BF8DC6 /* RoundesCorner+Extension.swift */; };
		04DF1C38291AFA6000BF8DC6 /* CharactersTableViewCell.swift in Sources */ = {isa = PBXBuildFile; fileRef = 04DF1C36291AFA6000BF8DC6 /* CharactersTableViewCell.swift */; };
		04DF1C39291AFA6000BF8DC6 /* CharactersTableViewCell.xib in Resources */ = {isa = PBXBuildFile; fileRef = 04DF1C37291AFA6000BF8DC6 /* CharactersTableViewCell.xib */; };
		04DF1C3B291AFC6000BF8DC6 /* UIView+Extension.swift in Sources */ = {isa = PBXBuildFile; fileRef = 04DF1C3A291AFC6000BF8DC6 /* UIView+Extension.swift */; };
		04DF1C3D291AFCE600BF8DC6 /* BaseAPI.swift in Sources */ = {isa = PBXBuildFile; fileRef = 04DF1C3C291AFCE600BF8DC6 /* BaseAPI.swift */; };
/* End PBXBuildFile section */

/* Begin PBXContainerItemProxy section */
		04DF1BEB291AC26700BF8DC6 /* PBXContainerItemProxy */ = {
			isa = PBXContainerItemProxy;
			containerPortal = 04DF1BC9291AC26600BF8DC6 /* Project object */;
			proxyType = 1;
			remoteGlobalIDString = 04DF1BD0291AC26600BF8DC6;
			remoteInfo = Marvel;
		};
		04DF1BF5291AC26700BF8DC6 /* PBXContainerItemProxy */ = {
			isa = PBXContainerItemProxy;
			containerPortal = 04DF1BC9291AC26600BF8DC6 /* Project object */;
			proxyType = 1;
			remoteGlobalIDString = 04DF1BD0291AC26600BF8DC6;
			remoteInfo = Marvel;
		};
/* End PBXContainerItemProxy section */

/* Begin PBXFileReference section */
		04266A6E291D9B450097C3D9 /* CharaterDetailsViewController.swift */ = {isa = PBXFileReference; lastKnownFileType = sourcecode.swift; path = CharaterDetailsViewController.swift; sourceTree = "<group>"; };
		04266A6F291D9B450097C3D9 /* CharaterDetailsViewController.xib */ = {isa = PBXFileReference; lastKnownFileType = file.xib; path = CharaterDetailsViewController.xib; sourceTree = "<group>"; };
		04266A74291DA5560097C3D9 /* CharacterDetailsTableViewCell.swift */ = {isa = PBXFileReference; lastKnownFileType = sourcecode.swift; path = CharacterDetailsTableViewCell.swift; sourceTree = "<group>"; };
		04266A75291DA5560097C3D9 /* CharacterDetailsTableViewCell.xib */ = {isa = PBXFileReference; lastKnownFileType = file.xib; path = CharacterDetailsTableViewCell.xib; sourceTree = "<group>"; };
		04266A78291DADF50097C3D9 /* ComicsSeriesStoriesEventsTblCell.swift */ = {isa = PBXFileReference; lastKnownFileType = sourcecode.swift; path = ComicsSeriesStoriesEventsTblCell.swift; sourceTree = "<group>"; };
		04266A79291DADF50097C3D9 /* ComicsSeriesStoriesEventsTblCell.xib */ = {isa = PBXFileReference; lastKnownFileType = file.xib; path = ComicsSeriesStoriesEventsTblCell.xib; sourceTree = "<group>"; };
		04266A7D291DBA950097C3D9 /* CharacterDetailsCollectionViewCell.swift */ = {isa = PBXFileReference; lastKnownFileType = sourcecode.swift; path = CharacterDetailsCollectionViewCell.swift; sourceTree = "<group>"; };
		04266A7E291DBA950097C3D9 /* CharacterDetailsCollectionViewCell.xib */ = {isa = PBXFileReference; lastKnownFileType = file.xib; path = CharacterDetailsCollectionViewCell.xib; sourceTree = "<group>"; };
		04266A81291DC1D20097C3D9 /* GetCharacterResources.swift */ = {isa = PBXFileReference; lastKnownFileType = sourcecode.swift; path = GetCharacterResources.swift; sourceTree = "<group>"; };
		04266A84291DDC960097C3D9 /* CharacterSearchViewController.swift */ = {isa = PBXFileReference; lastKnownFileType = sourcecode.swift; path = CharacterSearchViewController.swift; sourceTree = "<group>"; };
		04266A85291DDC960097C3D9 /* CharacterSearchViewController.xib */ = {isa = PBXFileReference; lastKnownFileType = file.xib; path = CharacterSearchViewController.xib; sourceTree = "<group>"; };
		04266A8B291DF5E00097C3D9 /* SearchCharacterTableViewCell.swift */ = {isa = PBXFileReference; lastKnownFileType = sourcecode.swift; path = SearchCharacterTableViewCell.swift; sourceTree = "<group>"; };
		04266A8C291DF5E00097C3D9 /* SearchCharacterTableViewCell.xib */ = {isa = PBXFileReference; lastKnownFileType = file.xib; path = SearchCharacterTableViewCell.xib; sourceTree = "<group>"; };
		04DF1BD1291AC26600BF8DC6 /* Marvel.app */ = {isa = PBXFileReference; explicitFileType = wrapper.application; includeInIndex = 0; path = Marvel.app; sourceTree = BUILT_PRODUCTS_DIR; };
		04DF1BD4291AC26600BF8DC6 /* AppDelegate.swift */ = {isa = PBXFileReference; lastKnownFileType = sourcecode.swift; path = AppDelegate.swift; sourceTree = "<group>"; };
		04DF1BD6291AC26600BF8DC6 /* SceneDelegate.swift */ = {isa = PBXFileReference; lastKnownFileType = sourcecode.swift; path = SceneDelegate.swift; sourceTree = "<group>"; };
		04DF1BD8291AC26600BF8DC6 /* ViewController.swift */ = {isa = PBXFileReference; lastKnownFileType = sourcecode.swift; path = ViewController.swift; sourceTree = "<group>"; };
		04DF1BDB291AC26600BF8DC6 /* Base */ = {isa = PBXFileReference; lastKnownFileType = file.storyboard; name = Base; path = Base.lproj/Main.storyboard; sourceTree = "<group>"; };
		04DF1BDE291AC26600BF8DC6 /* Marvel.xcdatamodel */ = {isa = PBXFileReference; lastKnownFileType = wrapper.xcdatamodel; path = Marvel.xcdatamodel; sourceTree = "<group>"; };
		04DF1BE0291AC26700BF8DC6 /* Assets.xcassets */ = {isa = PBXFileReference; lastKnownFileType = folder.assetcatalog; path = Assets.xcassets; sourceTree = "<group>"; };
		04DF1BE3291AC26700BF8DC6 /* Base */ = {isa = PBXFileReference; lastKnownFileType = file.storyboard; name = Base; path = Base.lproj/LaunchScreen.storyboard; sourceTree = "<group>"; };
		04DF1BE5291AC26700BF8DC6 /* Info.plist */ = {isa = PBXFileReference; lastKnownFileType = text.plist.xml; path = Info.plist; sourceTree = "<group>"; };
		04DF1BEA291AC26700BF8DC6 /* MarvelTests.xctest */ = {isa = PBXFileReference; explicitFileType = wrapper.cfbundle; includeInIndex = 0; path = MarvelTests.xctest; sourceTree = BUILT_PRODUCTS_DIR; };
		04DF1BEE291AC26700BF8DC6 /* MarvelTests.swift */ = {isa = PBXFileReference; lastKnownFileType = sourcecode.swift; path = MarvelTests.swift; sourceTree = "<group>"; };
		04DF1BF4291AC26700BF8DC6 /* MarvelUITests.xctest */ = {isa = PBXFileReference; explicitFileType = wrapper.cfbundle; includeInIndex = 0; path = MarvelUITests.xctest; sourceTree = BUILT_PRODUCTS_DIR; };
		04DF1BF8291AC26700BF8DC6 /* MarvelUITests.swift */ = {isa = PBXFileReference; lastKnownFileType = sourcecode.swift; path = MarvelUITests.swift; sourceTree = "<group>"; };
		04DF1BFA291AC26700BF8DC6 /* MarvelUITestsLaunchTests.swift */ = {isa = PBXFileReference; lastKnownFileType = sourcecode.swift; path = MarvelUITestsLaunchTests.swift; sourceTree = "<group>"; };
		04DF1C0E291AC31B00BF8DC6 /* TopVC.swift */ = {isa = PBXFileReference; lastKnownFileType = sourcecode.swift; path = TopVC.swift; sourceTree = "<group>"; };
		04DF1C10291AC34F00BF8DC6 /* Toast.swift */ = {isa = PBXFileReference; lastKnownFileType = sourcecode.swift; path = Toast.swift; sourceTree = "<group>"; };
		04DF1C14291AC3AF00BF8DC6 /* UIImgae+KingFisher.swift */ = {isa = PBXFileReference; lastKnownFileType = sourcecode.swift; path = "UIImgae+KingFisher.swift"; sourceTree = "<group>"; };
		04DF1C18291AD8E500BF8DC6 /* AlamoCodableAPIHandel.swift */ = {isa = PBXFileReference; lastKnownFileType = sourcecode.swift; path = AlamoCodableAPIHandel.swift; sourceTree = "<group>"; };
		04DF1C1A291AD8FA00BF8DC6 /* CustomInterceptor.swift */ = {isa = PBXFileReference; lastKnownFileType = sourcecode.swift; path = CustomInterceptor.swift; sourceTree = "<group>"; };
		04DF1C1C291AD90F00BF8DC6 /* AnyType.swift */ = {isa = PBXFileReference; lastKnownFileType = sourcecode.swift; path = AnyType.swift; sourceTree = "<group>"; };
		04DF1C1E291AD92700BF8DC6 /* Constants.swift */ = {isa = PBXFileReference; lastKnownFileType = sourcecode.swift; path = Constants.swift; sourceTree = "<group>"; };
		04DF1C20291AD96C00BF8DC6 /* Device.swift */ = {isa = PBXFileReference; lastKnownFileType = sourcecode.swift; path = Device.swift; sourceTree = "<group>"; };
		04DF1C25291ADCFC00BF8DC6 /* ResponseError.swift */ = {isa = PBXFileReference; lastKnownFileType = sourcecode.swift; path = ResponseError.swift; sourceTree = "<group>"; };
		04DF1C27291AE35600BF8DC6 /* GetCharacters.swift */ = {isa = PBXFileReference; lastKnownFileType = sourcecode.swift; path = GetCharacters.swift; sourceTree = "<group>"; };
		04DF1C29291AE72900BF8DC6 /* Functions.swift */ = {isa = PBXFileReference; lastKnownFileType = sourcecode.swift; path = Functions.swift; sourceTree = "<group>"; };
		04DF1C2C291AE7A100BF8DC6 /* CharactersListViewController.swift */ = {isa = PBXFileReference; lastKnownFileType = sourcecode.swift; path = CharactersListViewController.swift; sourceTree = "<group>"; };
		04DF1C2D291AE7A100BF8DC6 /* CharactersListViewController.xib */ = {isa = PBXFileReference; lastKnownFileType = file.xib; path = CharactersListViewController.xib; sourceTree = "<group>"; };
		04DF1C31291AEB2B00BF8DC6 /* BaseNC.swift */ = {isa = PBXFileReference; lastKnownFileType = sourcecode.swift; path = BaseNC.swift; sourceTree = "<group>"; };
		04DF1C33291AF76800BF8DC6 /* RoundesCorner+Extension.swift */ = {isa = PBXFileReference; lastKnownFileType = sourcecode.swift; path = "RoundesCorner+Extension.swift"; sourceTree = "<group>"; };
		04DF1C36291AFA6000BF8DC6 /* CharactersTableViewCell.swift */ = {isa = PBXFileReference; lastKnownFileType = sourcecode.swift; path = CharactersTableViewCell.swift; sourceTree = "<group>"; };
		04DF1C37291AFA6000BF8DC6 /* CharactersTableViewCell.xib */ = {isa = PBXFileReference; lastKnownFileType = file.xib; path = CharactersTableViewCell.xib; sourceTree = "<group>"; };
		04DF1C3A291AFC6000BF8DC6 /* UIView+Extension.swift */ = {isa = PBXFileReference; lastKnownFileType = sourcecode.swift; path = "UIView+Extension.swift"; sourceTree = "<group>"; };
		04DF1C3C291AFCE600BF8DC6 /* BaseAPI.swift */ = {isa = PBXFileReference; lastKnownFileType = sourcecode.swift; path = BaseAPI.swift; sourceTree = "<group>"; };
/* End PBXFileReference section */

/* Begin PBXFrameworksBuildPhase section */
		04DF1BCE291AC26600BF8DC6 /* Frameworks */ = {
			isa = PBXFrameworksBuildPhase;
			buildActionMask = 2147483647;
			files = (
				04DF1C09291AC2C100BF8DC6 /* Kingfisher in Frameworks */,
				04DF1C0C291AC2D500BF8DC6 /* Alamofire in Frameworks */,
			);
			runOnlyForDeploymentPostprocessing = 0;
		};
		04DF1BE7291AC26700BF8DC6 /* Frameworks */ = {
			isa = PBXFrameworksBuildPhase;
			buildActionMask = 2147483647;
			files = (
			);
			runOnlyForDeploymentPostprocessing = 0;
		};
		04DF1BF1291AC26700BF8DC6 /* Frameworks */ = {
			isa = PBXFrameworksBuildPhase;
			buildActionMask = 2147483647;
			files = (
			);
			runOnlyForDeploymentPostprocessing = 0;
		};
/* End PBXFrameworksBuildPhase section */

/* Begin PBXGroup section */
		04266A6C291D98920097C3D9 /* CharactersTableViewCell */ = {
			isa = PBXGroup;
			children = (
				04DF1C36291AFA6000BF8DC6 /* CharactersTableViewCell.swift */,
				04DF1C37291AFA6000BF8DC6 /* CharactersTableViewCell.xib */,
			);
			path = CharactersTableViewCell;
			sourceTree = "<group>";
		};
		04266A6D291D9B0B0097C3D9 /* CharaterDetailsViewController */ = {
			isa = PBXGroup;
			children = (
				04266A6E291D9B450097C3D9 /* CharaterDetailsViewController.swift */,
			);
			path = CharaterDetailsViewController;
			sourceTree = "<group>";
		};
		04266A72291D9BC60097C3D9 /* CharacterDetailsView */ = {
			isa = PBXGroup;
			children = (
				04266A7C291DBA670097C3D9 /* CharacterDetailsCollectionViewCell */,
				04266A73291DA50F0097C3D9 /* CharacterDetailsTableViewCell */,
				04266A6F291D9B450097C3D9 /* CharaterDetailsViewController.xib */,
			);
			path = CharacterDetailsView;
			sourceTree = "<group>";
		};
		04266A73291DA50F0097C3D9 /* CharacterDetailsTableViewCell */ = {
			isa = PBXGroup;
			children = (
				04266A74291DA5560097C3D9 /* CharacterDetailsTableViewCell.swift */,
				04266A75291DA5560097C3D9 /* CharacterDetailsTableViewCell.xib */,
				04266A78291DADF50097C3D9 /* ComicsSeriesStoriesEventsTblCell.swift */,
				04266A79291DADF50097C3D9 /* ComicsSeriesStoriesEventsTblCell.xib */,
			);
			path = CharacterDetailsTableViewCell;
			sourceTree = "<group>";
		};
		04266A7C291DBA670097C3D9 /* CharacterDetailsCollectionViewCell */ = {
			isa = PBXGroup;
			children = (
				04266A7D291DBA950097C3D9 /* CharacterDetailsCollectionViewCell.swift */,
				04266A7E291DBA950097C3D9 /* CharacterDetailsCollectionViewCell.xib */,
			);
			path = CharacterDetailsCollectionViewCell;
			sourceTree = "<group>";
		};
		04266A83291DDC760097C3D9 /* CharacterSearchViewController */ = {
			isa = PBXGroup;
			children = (
				04266A84291DDC960097C3D9 /* CharacterSearchViewController.swift */,
			);
			path = CharacterSearchViewController;
			sourceTree = "<group>";
		};
		04266A88291DDCA30097C3D9 /* CharacterSearchView */ = {
			isa = PBXGroup;
			children = (
				04266A8A291DF5A40097C3D9 /* CharacterSearchTableViewCell */,
				04266A85291DDC960097C3D9 /* CharacterSearchViewController.xib */,
			);
			path = CharacterSearchView;
			sourceTree = "<group>";
		};
		04266A8A291DF5A40097C3D9 /* CharacterSearchTableViewCell */ = {
			isa = PBXGroup;
			children = (
				04266A8B291DF5E00097C3D9 /* SearchCharacterTableViewCell.swift */,
				04266A8C291DF5E00097C3D9 /* SearchCharacterTableViewCell.xib */,
			);
			path = CharacterSearchTableViewCell;
			sourceTree = "<group>";
		};
		04DF1BC8291AC26600BF8DC6 = {
			isa = PBXGroup;
			children = (
				04DF1C16291AD8C800BF8DC6 /* Helper */,
				04DF1C13291AC3A400BF8DC6 /* Extensions */,
				04DF1C12291AC37100BF8DC6 /* Delegates */,
				04DF1C0D291AC30A00BF8DC6 /* LayOut */,
				04DF1C24291AD99400BF8DC6 /* Model */,
				04DF1C23291AD98D00BF8DC6 /* Views */,
				04DF1C22291AD98500BF8DC6 /* Controllers */,
				04DF1BD3291AC26600BF8DC6 /* Marvel */,
				04DF1BED291AC26700BF8DC6 /* MarvelTests */,
				04DF1BF7291AC26700BF8DC6 /* MarvelUITests */,
				04DF1BD2291AC26600BF8DC6 /* Products */,
			);
			sourceTree = "<group>";
		};
		04DF1BD2291AC26600BF8DC6 /* Products */ = {
			isa = PBXGroup;
			children = (
				04DF1BD1291AC26600BF8DC6 /* Marvel.app */,
				04DF1BEA291AC26700BF8DC6 /* MarvelTests.xctest */,
				04DF1BF4291AC26700BF8DC6 /* MarvelUITests.xctest */,
			);
			name = Products;
			sourceTree = "<group>";
		};
		04DF1BD3291AC26600BF8DC6 /* Marvel */ = {
			isa = PBXGroup;
			children = (
				04DF1BD8291AC26600BF8DC6 /* ViewController.swift */,
				04DF1BDA291AC26600BF8DC6 /* Main.storyboard */,
				04DF1BE0291AC26700BF8DC6 /* Assets.xcassets */,
				04DF1BE2291AC26700BF8DC6 /* LaunchScreen.storyboard */,
				04DF1BE5291AC26700BF8DC6 /* Info.plist */,
				04DF1BDD291AC26600BF8DC6 /* Marvel.xcdatamodeld */,
			);
			path = Marvel;
			sourceTree = "<group>";
		};
		04DF1BED291AC26700BF8DC6 /* MarvelTests */ = {
			isa = PBXGroup;
			children = (
				04DF1BEE291AC26700BF8DC6 /* MarvelTests.swift */,
			);
			path = MarvelTests;
			sourceTree = "<group>";
		};
		04DF1BF7291AC26700BF8DC6 /* MarvelUITests */ = {
			isa = PBXGroup;
			children = (
				04DF1BF8291AC26700BF8DC6 /* MarvelUITests.swift */,
				04DF1BFA291AC26700BF8DC6 /* MarvelUITestsLaunchTests.swift */,
			);
			path = MarvelUITests;
			sourceTree = "<group>";
		};
		04DF1C0D291AC30A00BF8DC6 /* LayOut */ = {
			isa = PBXGroup;
			children = (
				04DF1C0E291AC31B00BF8DC6 /* TopVC.swift */,
				04DF1C10291AC34F00BF8DC6 /* Toast.swift */,
			);
			path = LayOut;
			sourceTree = "<group>";
		};
		04DF1C12291AC37100BF8DC6 /* Delegates */ = {
			isa = PBXGroup;
			children = (
				04DF1BD4291AC26600BF8DC6 /* AppDelegate.swift */,
				04DF1BD6291AC26600BF8DC6 /* SceneDelegate.swift */,
			);
			path = Delegates;
			sourceTree = "<group>";
		};
		04DF1C13291AC3A400BF8DC6 /* Extensions */ = {
			isa = PBXGroup;
			children = (
				04DF1C14291AC3AF00BF8DC6 /* UIImgae+KingFisher.swift */,
				04DF1C33291AF76800BF8DC6 /* RoundesCorner+Extension.swift */,
				04DF1C3A291AFC6000BF8DC6 /* UIView+Extension.swift */,
			);
			path = Extensions;
			sourceTree = "<group>";
		};
		04DF1C16291AD8C800BF8DC6 /* Helper */ = {
			isa = PBXGroup;
			children = (
				04DF1C17291AD8D500BF8DC6 /* API Helper */,
				04DF1C1E291AD92700BF8DC6 /* Constants.swift */,
				04DF1C20291AD96C00BF8DC6 /* Device.swift */,
				04DF1C29291AE72900BF8DC6 /* Functions.swift */,
			);
			path = Helper;
			sourceTree = "<group>";
		};
		04DF1C17291AD8D500BF8DC6 /* API Helper */ = {
			isa = PBXGroup;
			children = (
				04DF1C18291AD8E500BF8DC6 /* AlamoCodableAPIHandel.swift */,
				04DF1C1A291AD8FA00BF8DC6 /* CustomInterceptor.swift */,
				04DF1C1C291AD90F00BF8DC6 /* AnyType.swift */,
			);
			path = "API Helper";
			sourceTree = "<group>";
		};
		04DF1C22291AD98500BF8DC6 /* Controllers */ = {
			isa = PBXGroup;
			children = (
				04DF1C30291AEB1400BF8DC6 /* Base */,
				04DF1C2B291AE77100BF8DC6 /* CharactersListViewController */,
				04266A83291DDC760097C3D9 /* CharacterSearchViewController */,
				04266A6D291D9B0B0097C3D9 /* CharaterDetailsViewController */,
			);
			path = Controllers;
			sourceTree = "<group>";
		};
		04DF1C23291AD98D00BF8DC6 /* Views */ = {
			isa = PBXGroup;
			children = (
				04266A88291DDCA30097C3D9 /* CharacterSearchView */,
				04266A72291D9BC60097C3D9 /* CharacterDetailsView */,
				04DF1C35291AFA3A00BF8DC6 /* CharactersListView */,
			);
			path = Views;
			sourceTree = "<group>";
		};
		04DF1C24291AD99400BF8DC6 /* Model */ = {
			isa = PBXGroup;
			children = (
				04DF1C25291ADCFC00BF8DC6 /* ResponseError.swift */,
				04DF1C27291AE35600BF8DC6 /* GetCharacters.swift */,
				04266A81291DC1D20097C3D9 /* GetCharacterResources.swift */,
			);
			path = Model;
			sourceTree = "<group>";
		};
		04DF1C2B291AE77100BF8DC6 /* CharactersListViewController */ = {
			isa = PBXGroup;
			children = (
				04DF1C2C291AE7A100BF8DC6 /* CharactersListViewController.swift */,
			);
			path = CharactersListViewController;
			sourceTree = "<group>";
		};
		04DF1C30291AEB1400BF8DC6 /* Base */ = {
			isa = PBXGroup;
			children = (
				04DF1C31291AEB2B00BF8DC6 /* BaseNC.swift */,
				04DF1C3C291AFCE600BF8DC6 /* BaseAPI.swift */,
			);
			path = Base;
			sourceTree = "<group>";
		};
		04DF1C35291AFA3A00BF8DC6 /* CharactersListView */ = {
			isa = PBXGroup;
			children = (
				04DF1C2D291AE7A100BF8DC6 /* CharactersListViewController.xib */,
				04266A6C291D98920097C3D9 /* CharactersTableViewCell */,
			);
			path = CharactersListView;
			sourceTree = "<group>";
		};
/* End PBXGroup section */

/* Begin PBXNativeTarget section */
		04DF1BD0291AC26600BF8DC6 /* Marvel */ = {
			isa = PBXNativeTarget;
			buildConfigurationList = 04DF1BFE291AC26700BF8DC6 /* Build configuration list for PBXNativeTarget "Marvel" */;
			buildPhases = (
				04DF1BCD291AC26600BF8DC6 /* Sources */,
				04DF1BCE291AC26600BF8DC6 /* Frameworks */,
				04DF1BCF291AC26600BF8DC6 /* Resources */,
			);
			buildRules = (
			);
			dependencies = (
			);
			name = Marvel;
			packageProductDependencies = (
				04DF1C08291AC2C100BF8DC6 /* Kingfisher */,
				04DF1C0B291AC2D500BF8DC6 /* Alamofire */,
			);
			productName = Marvel;
			productReference = 04DF1BD1291AC26600BF8DC6 /* Marvel.app */;
			productType = "com.apple.product-type.application";
		};
		04DF1BE9291AC26700BF8DC6 /* MarvelTests */ = {
			isa = PBXNativeTarget;
			buildConfigurationList = 04DF1C01291AC26700BF8DC6 /* Build configuration list for PBXNativeTarget "MarvelTests" */;
			buildPhases = (
				04DF1BE6291AC26700BF8DC6 /* Sources */,
				04DF1BE7291AC26700BF8DC6 /* Frameworks */,
				04DF1BE8291AC26700BF8DC6 /* Resources */,
			);
			buildRules = (
			);
			dependencies = (
				04DF1BEC291AC26700BF8DC6 /* PBXTargetDependency */,
			);
			name = MarvelTests;
			productName = MarvelTests;
			productReference = 04DF1BEA291AC26700BF8DC6 /* MarvelTests.xctest */;
			productType = "com.apple.product-type.bundle.unit-test";
		};
		04DF1BF3291AC26700BF8DC6 /* MarvelUITests */ = {
			isa = PBXNativeTarget;
			buildConfigurationList = 04DF1C04291AC26700BF8DC6 /* Build configuration list for PBXNativeTarget "MarvelUITests" */;
			buildPhases = (
				04DF1BF0291AC26700BF8DC6 /* Sources */,
				04DF1BF1291AC26700BF8DC6 /* Frameworks */,
				04DF1BF2291AC26700BF8DC6 /* Resources */,
			);
			buildRules = (
			);
			dependencies = (
				04DF1BF6291AC26700BF8DC6 /* PBXTargetDependency */,
			);
			name = MarvelUITests;
			productName = MarvelUITests;
			productReference = 04DF1BF4291AC26700BF8DC6 /* MarvelUITests.xctest */;
			productType = "com.apple.product-type.bundle.ui-testing";
		};
/* End PBXNativeTarget section */

/* Begin PBXProject section */
		04DF1BC9291AC26600BF8DC6 /* Project object */ = {
			isa = PBXProject;
			attributes = {
				BuildIndependentTargetsInParallel = 1;
				LastSwiftUpdateCheck = 1340;
				LastUpgradeCheck = 1340;
				ORGANIZATIONNAME = "Aly Fawzy";
				TargetAttributes = {
					04DF1BD0291AC26600BF8DC6 = {
						CreatedOnToolsVersion = 13.4.1;
					};
					04DF1BE9291AC26700BF8DC6 = {
						CreatedOnToolsVersion = 13.4.1;
						TestTargetID = 04DF1BD0291AC26600BF8DC6;
					};
					04DF1BF3291AC26700BF8DC6 = {
						CreatedOnToolsVersion = 13.4.1;
						TestTargetID = 04DF1BD0291AC26600BF8DC6;
					};
				};
			};
			buildConfigurationList = 04DF1BCC291AC26600BF8DC6 /* Build configuration list for PBXProject "Marvel" */;
			compatibilityVersion = "Xcode 13.0";
			developmentRegion = en;
			hasScannedForEncodings = 0;
			knownRegions = (
				en,
				Base,
			);
			mainGroup = 04DF1BC8291AC26600BF8DC6;
			packageReferences = (
				04DF1C07291AC2C100BF8DC6 /* XCRemoteSwiftPackageReference "Kingfisher" */,
				04DF1C0A291AC2D500BF8DC6 /* XCRemoteSwiftPackageReference "Alamofire" */,
			);
			productRefGroup = 04DF1BD2291AC26600BF8DC6 /* Products */;
			projectDirPath = "";
			projectRoot = "";
			targets = (
				04DF1BD0291AC26600BF8DC6 /* Marvel */,
				04DF1BE9291AC26700BF8DC6 /* MarvelTests */,
				04DF1BF3291AC26700BF8DC6 /* MarvelUITests */,
			);
		};
/* End PBXProject section */

/* Begin PBXResourcesBuildPhase section */
		04DF1BCF291AC26600BF8DC6 /* Resources */ = {
			isa = PBXResourcesBuildPhase;
			buildActionMask = 2147483647;
			files = (
				04DF1BE4291AC26700BF8DC6 /* LaunchScreen.storyboard in Resources */,
				04DF1BE1291AC26700BF8DC6 /* Assets.xcassets in Resources */,
				04DF1BDC291AC26600BF8DC6 /* Main.storyboard in Resources */,
				04266A77291DA5560097C3D9 /* CharacterDetailsTableViewCell.xib in Resources */,
				04DF1C2F291AE7A100BF8DC6 /* CharactersListViewController.xib in Resources */,
				04DF1C39291AFA6000BF8DC6 /* CharactersTableViewCell.xib in Resources */,
				04266A7B291DADF50097C3D9 /* ComicsSeriesStoriesEventsTblCell.xib in Resources */,
				04266A8E291DF5E00097C3D9 /* SearchCharacterTableViewCell.xib in Resources */,
				04266A80291DBA950097C3D9 /* CharacterDetailsCollectionViewCell.xib in Resources */,
				04266A87291DDC960097C3D9 /* CharacterSearchViewController.xib in Resources */,
				04266A71291D9B450097C3D9 /* CharaterDetailsViewController.xib in Resources */,
			);
			runOnlyForDeploymentPostprocessing = 0;
		};
		04DF1BE8291AC26700BF8DC6 /* Resources */ = {
			isa = PBXResourcesBuildPhase;
			buildActionMask = 2147483647;
			files = (
			);
			runOnlyForDeploymentPostprocessing = 0;
		};
		04DF1BF2291AC26700BF8DC6 /* Resources */ = {
			isa = PBXResourcesBuildPhase;
			buildActionMask = 2147483647;
			files = (
			);
			runOnlyForDeploymentPostprocessing = 0;
		};
/* End PBXResourcesBuildPhase section */

/* Begin PBXSourcesBuildPhase section */
		04DF1BCD291AC26600BF8DC6 /* Sources */ = {
			isa = PBXSourcesBuildPhase;
			buildActionMask = 2147483647;
			files = (
				04266A76291DA5560097C3D9 /* CharacterDetailsTableViewCell.swift in Sources */,
				04DF1C19291AD8E500BF8DC6 /* AlamoCodableAPIHandel.swift in Sources */,
				04DF1C1F291AD92700BF8DC6 /* Constants.swift in Sources */,
				04DF1BD9291AC26600BF8DC6 /* ViewController.swift in Sources */,
				04DF1C32291AEB2B00BF8DC6 /* BaseNC.swift in Sources */,
				04DF1C21291AD96C00BF8DC6 /* Device.swift in Sources */,
				04DF1C1D291AD90F00BF8DC6 /* AnyType.swift in Sources */,
				04DF1C3D291AFCE600BF8DC6 /* BaseAPI.swift in Sources */,
				04DF1C11291AC34F00BF8DC6 /* Toast.swift in Sources */,
				04DF1BD5291AC26600BF8DC6 /* AppDelegate.swift in Sources */,
				04DF1C26291ADCFC00BF8DC6 /* ResponseError.swift in Sources */,
				04DF1C2A291AE72900BF8DC6 /* Functions.swift in Sources */,
				04266A7F291DBA950097C3D9 /* CharacterDetailsCollectionViewCell.swift in Sources */,
				04DF1C38291AFA6000BF8DC6 /* CharactersTableViewCell.swift in Sources */,
				04DF1C0F291AC31B00BF8DC6 /* TopVC.swift in Sources */,
				04266A8D291DF5E00097C3D9 /* SearchCharacterTableViewCell.swift in Sources */,
				04DF1C1B291AD8FA00BF8DC6 /* CustomInterceptor.swift in Sources */,
				04DF1C2E291AE7A100BF8DC6 /* CharactersListViewController.swift in Sources */,
				04DF1BDF291AC26600BF8DC6 /* Marvel.xcdatamodeld in Sources */,
				04DF1BD7291AC26600BF8DC6 /* SceneDelegate.swift in Sources */,
				04266A86291DDC960097C3D9 /* CharacterSearchViewController.swift in Sources */,
				04266A7A291DADF50097C3D9 /* ComicsSeriesStoriesEventsTblCell.swift in Sources */,
				04266A70291D9B450097C3D9 /* CharaterDetailsViewController.swift in Sources */,
				04DF1C34291AF76800BF8DC6 /* RoundesCorner+Extension.swift in Sources */,
				04266A82291DC1D20097C3D9 /* GetCharacterResources.swift in Sources */,
				04DF1C28291AE35600BF8DC6 /* GetCharacters.swift in Sources */,
				04DF1C3B291AFC6000BF8DC6 /* UIView+Extension.swift in Sources */,
				04DF1C15291AC3AF00BF8DC6 /* UIImgae+KingFisher.swift in Sources */,
			);
			runOnlyForDeploymentPostprocessing = 0;
		};
		04DF1BE6291AC26700BF8DC6 /* Sources */ = {
			isa = PBXSourcesBuildPhase;
			buildActionMask = 2147483647;
			files = (
				04DF1BEF291AC26700BF8DC6 /* MarvelTests.swift in Sources */,
			);
			runOnlyForDeploymentPostprocessing = 0;
		};
		04DF1BF0291AC26700BF8DC6 /* Sources */ = {
			isa = PBXSourcesBuildPhase;
			buildActionMask = 2147483647;
			files = (
				04DF1BF9291AC26700BF8DC6 /* MarvelUITests.swift in Sources */,
				04DF1BFB291AC26700BF8DC6 /* MarvelUITestsLaunchTests.swift in Sources */,
			);
			runOnlyForDeploymentPostprocessing = 0;
		};
/* End PBXSourcesBuildPhase section */

/* Begin PBXTargetDependency section */
		04DF1BEC291AC26700BF8DC6 /* PBXTargetDependency */ = {
			isa = PBXTargetDependency;
			target = 04DF1BD0291AC26600BF8DC6 /* Marvel */;
			targetProxy = 04DF1BEB291AC26700BF8DC6 /* PBXContainerItemProxy */;
		};
		04DF1BF6291AC26700BF8DC6 /* PBXTargetDependency */ = {
			isa = PBXTargetDependency;
			target = 04DF1BD0291AC26600BF8DC6 /* Marvel */;
			targetProxy = 04DF1BF5291AC26700BF8DC6 /* PBXContainerItemProxy */;
		};
/* End PBXTargetDependency section */

/* Begin PBXVariantGroup section */
		04DF1BDA291AC26600BF8DC6 /* Main.storyboard */ = {
			isa = PBXVariantGroup;
			children = (
				04DF1BDB291AC26600BF8DC6 /* Base */,
			);
			name = Main.storyboard;
			sourceTree = "<group>";
		};
		04DF1BE2291AC26700BF8DC6 /* LaunchScreen.storyboard */ = {
			isa = PBXVariantGroup;
			children = (
				04DF1BE3291AC26700BF8DC6 /* Base */,
			);
			name = LaunchScreen.storyboard;
			sourceTree = "<group>";
		};
/* End PBXVariantGroup section */

/* Begin XCBuildConfiguration section */
		04DF1BFC291AC26700BF8DC6 /* Debug */ = {
			isa = XCBuildConfiguration;
			buildSettings = {
				ALWAYS_SEARCH_USER_PATHS = NO;
				CLANG_ANALYZER_NONNULL = YES;
				CLANG_ANALYZER_NUMBER_OBJECT_CONVERSION = YES_AGGRESSIVE;
				CLANG_CXX_LANGUAGE_STANDARD = "gnu++17";
				CLANG_ENABLE_MODULES = YES;
				CLANG_ENABLE_OBJC_ARC = YES;
				CLANG_ENABLE_OBJC_WEAK = YES;
				CLANG_WARN_BLOCK_CAPTURE_AUTORELEASING = YES;
				CLANG_WARN_BOOL_CONVERSION = YES;
				CLANG_WARN_COMMA = YES;
				CLANG_WARN_CONSTANT_CONVERSION = YES;
				CLANG_WARN_DEPRECATED_OBJC_IMPLEMENTATIONS = YES;
				CLANG_WARN_DIRECT_OBJC_ISA_USAGE = YES_ERROR;
				CLANG_WARN_DOCUMENTATION_COMMENTS = YES;
				CLANG_WARN_EMPTY_BODY = YES;
				CLANG_WARN_ENUM_CONVERSION = YES;
				CLANG_WARN_INFINITE_RECURSION = YES;
				CLANG_WARN_INT_CONVERSION = YES;
				CLANG_WARN_NON_LITERAL_NULL_CONVERSION = YES;
				CLANG_WARN_OBJC_IMPLICIT_RETAIN_SELF = YES;
				CLANG_WARN_OBJC_LITERAL_CONVERSION = YES;
				CLANG_WARN_OBJC_ROOT_CLASS = YES_ERROR;
				CLANG_WARN_QUOTED_INCLUDE_IN_FRAMEWORK_HEADER = YES;
				CLANG_WARN_RANGE_LOOP_ANALYSIS = YES;
				CLANG_WARN_STRICT_PROTOTYPES = YES;
				CLANG_WARN_SUSPICIOUS_MOVE = YES;
				CLANG_WARN_UNGUARDED_AVAILABILITY = YES_AGGRESSIVE;
				CLANG_WARN_UNREACHABLE_CODE = YES;
				CLANG_WARN__DUPLICATE_METHOD_MATCH = YES;
				COPY_PHASE_STRIP = NO;
				DEBUG_INFORMATION_FORMAT = dwarf;
				ENABLE_STRICT_OBJC_MSGSEND = YES;
				ENABLE_TESTABILITY = YES;
				GCC_C_LANGUAGE_STANDARD = gnu11;
				GCC_DYNAMIC_NO_PIC = NO;
				GCC_NO_COMMON_BLOCKS = YES;
				GCC_OPTIMIZATION_LEVEL = 0;
				GCC_PREPROCESSOR_DEFINITIONS = (
					"DEBUG=1",
					"$(inherited)",
				);
				GCC_WARN_64_TO_32_BIT_CONVERSION = YES;
				GCC_WARN_ABOUT_RETURN_TYPE = YES_ERROR;
				GCC_WARN_UNDECLARED_SELECTOR = YES;
				GCC_WARN_UNINITIALIZED_AUTOS = YES_AGGRESSIVE;
				GCC_WARN_UNUSED_FUNCTION = YES;
				GCC_WARN_UNUSED_VARIABLE = YES;
				IPHONEOS_DEPLOYMENT_TARGET = 15.5;
				MTL_ENABLE_DEBUG_INFO = INCLUDE_SOURCE;
				MTL_FAST_MATH = YES;
				ONLY_ACTIVE_ARCH = YES;
				SDKROOT = iphoneos;
				SWIFT_ACTIVE_COMPILATION_CONDITIONS = DEBUG;
				SWIFT_OPTIMIZATION_LEVEL = "-Onone";
			};
			name = Debug;
		};
		04DF1BFD291AC26700BF8DC6 /* Release */ = {
			isa = XCBuildConfiguration;
			buildSettings = {
				ALWAYS_SEARCH_USER_PATHS = NO;
				CLANG_ANALYZER_NONNULL = YES;
				CLANG_ANALYZER_NUMBER_OBJECT_CONVERSION = YES_AGGRESSIVE;
				CLANG_CXX_LANGUAGE_STANDARD = "gnu++17";
				CLANG_ENABLE_MODULES = YES;
				CLANG_ENABLE_OBJC_ARC = YES;
				CLANG_ENABLE_OBJC_WEAK = YES;
				CLANG_WARN_BLOCK_CAPTURE_AUTORELEASING = YES;
				CLANG_WARN_BOOL_CONVERSION = YES;
				CLANG_WARN_COMMA = YES;
				CLANG_WARN_CONSTANT_CONVERSION = YES;
				CLANG_WARN_DEPRECATED_OBJC_IMPLEMENTATIONS = YES;
				CLANG_WARN_DIRECT_OBJC_ISA_USAGE = YES_ERROR;
				CLANG_WARN_DOCUMENTATION_COMMENTS = YES;
				CLANG_WARN_EMPTY_BODY = YES;
				CLANG_WARN_ENUM_CONVERSION = YES;
				CLANG_WARN_INFINITE_RECURSION = YES;
				CLANG_WARN_INT_CONVERSION = YES;
				CLANG_WARN_NON_LITERAL_NULL_CONVERSION = YES;
				CLANG_WARN_OBJC_IMPLICIT_RETAIN_SELF = YES;
				CLANG_WARN_OBJC_LITERAL_CONVERSION = YES;
				CLANG_WARN_OBJC_ROOT_CLASS = YES_ERROR;
				CLANG_WARN_QUOTED_INCLUDE_IN_FRAMEWORK_HEADER = YES;
				CLANG_WARN_RANGE_LOOP_ANALYSIS = YES;
				CLANG_WARN_STRICT_PROTOTYPES = YES;
				CLANG_WARN_SUSPICIOUS_MOVE = YES;
				CLANG_WARN_UNGUARDED_AVAILABILITY = YES_AGGRESSIVE;
				CLANG_WARN_UNREACHABLE_CODE = YES;
				CLANG_WARN__DUPLICATE_METHOD_MATCH = YES;
				COPY_PHASE_STRIP = NO;
				DEBUG_INFORMATION_FORMAT = "dwarf-with-dsym";
				ENABLE_NS_ASSERTIONS = NO;
				ENABLE_STRICT_OBJC_MSGSEND = YES;
				GCC_C_LANGUAGE_STANDARD = gnu11;
				GCC_NO_COMMON_BLOCKS = YES;
				GCC_WARN_64_TO_32_BIT_CONVERSION = YES;
				GCC_WARN_ABOUT_RETURN_TYPE = YES_ERROR;
				GCC_WARN_UNDECLARED_SELECTOR = YES;
				GCC_WARN_UNINITIALIZED_AUTOS = YES_AGGRESSIVE;
				GCC_WARN_UNUSED_FUNCTION = YES;
				GCC_WARN_UNUSED_VARIABLE = YES;
				IPHONEOS_DEPLOYMENT_TARGET = 15.5;
				MTL_ENABLE_DEBUG_INFO = NO;
				MTL_FAST_MATH = YES;
				SDKROOT = iphoneos;
				SWIFT_COMPILATION_MODE = wholemodule;
				SWIFT_OPTIMIZATION_LEVEL = "-O";
				VALIDATE_PRODUCT = YES;
			};
			name = Release;
		};
		04DF1BFF291AC26700BF8DC6 /* Debug */ = {
			isa = XCBuildConfiguration;
			buildSettings = {
				ASSETCATALOG_COMPILER_APPICON_NAME = AppIcon;
				ASSETCATALOG_COMPILER_GLOBAL_ACCENT_COLOR_NAME = AccentColor;
				CODE_SIGN_STYLE = Automatic;
				CURRENT_PROJECT_VERSION = 1;
				GENERATE_INFOPLIST_FILE = YES;
				INFOPLIST_FILE = Marvel/Info.plist;
				INFOPLIST_KEY_UIApplicationSupportsIndirectInputEvents = YES;
				INFOPLIST_KEY_UILaunchStoryboardName = LaunchScreen;
				INFOPLIST_KEY_UIMainStoryboardFile = Main;
				INFOPLIST_KEY_UISupportedInterfaceOrientations_iPad = UIInterfaceOrientationPortrait;
				INFOPLIST_KEY_UISupportedInterfaceOrientations_iPhone = UIInterfaceOrientationPortrait;
				IPHONEOS_DEPLOYMENT_TARGET = 13.0;
				LD_RUNPATH_SEARCH_PATHS = (
					"$(inherited)",
					"@executable_path/Frameworks",
				);
				MARKETING_VERSION = 1.0;
				PRODUCT_BUNDLE_IDENTIFIER = AlyFawzy.Marvel;
				PRODUCT_NAME = "$(TARGET_NAME)";
				SWIFT_EMIT_LOC_STRINGS = YES;
				SWIFT_VERSION = 5.0;
				TARGETED_DEVICE_FAMILY = 1;
			};
			name = Debug;
		};
		04DF1C00291AC26700BF8DC6 /* Release */ = {
			isa = XCBuildConfiguration;
			buildSettings = {
				ASSETCATALOG_COMPILER_APPICON_NAME = AppIcon;
				ASSETCATALOG_COMPILER_GLOBAL_ACCENT_COLOR_NAME = AccentColor;
				CODE_SIGN_STYLE = Automatic;
				CURRENT_PROJECT_VERSION = 1;
				GENERATE_INFOPLIST_FILE = YES;
				INFOPLIST_FILE = Marvel/Info.plist;
				INFOPLIST_KEY_UIApplicationSupportsIndirectInputEvents = YES;
				INFOPLIST_KEY_UILaunchStoryboardName = LaunchScreen;
				INFOPLIST_KEY_UIMainStoryboardFile = Main;
				INFOPLIST_KEY_UISupportedInterfaceOrientations_iPad = UIInterfaceOrientationPortrait;
				INFOPLIST_KEY_UISupportedInterfaceOrientations_iPhone = UIInterfaceOrientationPortrait;
				IPHONEOS_DEPLOYMENT_TARGET = 13.0;
				LD_RUNPATH_SEARCH_PATHS = (
					"$(inherited)",
					"@executable_path/Frameworks",
				);
				MARKETING_VERSION = 1.0;
				PRODUCT_BUNDLE_IDENTIFIER = AlyFawzy.Marvel;
				PRODUCT_NAME = "$(TARGET_NAME)";
				SWIFT_EMIT_LOC_STRINGS = YES;
				SWIFT_VERSION = 5.0;
				TARGETED_DEVICE_FAMILY = 1;
			};
			name = Release;
		};
		04DF1C02291AC26700BF8DC6 /* Debug */ = {
			isa = XCBuildConfiguration;
			buildSettings = {
				ALWAYS_EMBED_SWIFT_STANDARD_LIBRARIES = YES;
				BUNDLE_LOADER = "$(TEST_HOST)";
				CODE_SIGN_STYLE = Automatic;
				CURRENT_PROJECT_VERSION = 1;
				GENERATE_INFOPLIST_FILE = YES;
				IPHONEOS_DEPLOYMENT_TARGET = 15.5;
				MARKETING_VERSION = 1.0;
				PRODUCT_BUNDLE_IDENTIFIER = AlyFawzy.MarvelTests;
				PRODUCT_NAME = "$(TARGET_NAME)";
				SWIFT_EMIT_LOC_STRINGS = NO;
				SWIFT_VERSION = 5.0;
				TARGETED_DEVICE_FAMILY = "1,2";
				TEST_HOST = "$(BUILT_PRODUCTS_DIR)/Marvel.app/Marvel";
			};
			name = Debug;
		};
		04DF1C03291AC26700BF8DC6 /* Release */ = {
			isa = XCBuildConfiguration;
			buildSettings = {
				ALWAYS_EMBED_SWIFT_STANDARD_LIBRARIES = YES;
				BUNDLE_LOADER = "$(TEST_HOST)";
				CODE_SIGN_STYLE = Automatic;
				CURRENT_PROJECT_VERSION = 1;
				GENERATE_INFOPLIST_FILE = YES;
				IPHONEOS_DEPLOYMENT_TARGET = 15.5;
				MARKETING_VERSION = 1.0;
				PRODUCT_BUNDLE_IDENTIFIER = AlyFawzy.MarvelTests;
				PRODUCT_NAME = "$(TARGET_NAME)";
				SWIFT_EMIT_LOC_STRINGS = NO;
				SWIFT_VERSION = 5.0;
				TARGETED_DEVICE_FAMILY = "1,2";
				TEST_HOST = "$(BUILT_PRODUCTS_DIR)/Marvel.app/Marvel";
			};
			name = Release;
		};
		04DF1C05291AC26700BF8DC6 /* Debug */ = {
			isa = XCBuildConfiguration;
			buildSettings = {
				ALWAYS_EMBED_SWIFT_STANDARD_LIBRARIES = YES;
				CODE_SIGN_STYLE = Automatic;
				CURRENT_PROJECT_VERSION = 1;
				GENERATE_INFOPLIST_FILE = YES;
				MARKETING_VERSION = 1.0;
				PRODUCT_BUNDLE_IDENTIFIER = AlyFawzy.MarvelUITests;
				PRODUCT_NAME = "$(TARGET_NAME)";
				SWIFT_EMIT_LOC_STRINGS = NO;
				SWIFT_VERSION = 5.0;
				TARGETED_DEVICE_FAMILY = "1,2";
				TEST_TARGET_NAME = Marvel;
			};
			name = Debug;
		};
		04DF1C06291AC26700BF8DC6 /* Release */ = {
			isa = XCBuildConfiguration;
			buildSettings = {
				ALWAYS_EMBED_SWIFT_STANDARD_LIBRARIES = YES;
				CODE_SIGN_STYLE = Automatic;
				CURRENT_PROJECT_VERSION = 1;
				GENERATE_INFOPLIST_FILE = YES;
				MARKETING_VERSION = 1.0;
				PRODUCT_BUNDLE_IDENTIFIER = AlyFawzy.MarvelUITests;
				PRODUCT_NAME = "$(TARGET_NAME)";
				SWIFT_EMIT_LOC_STRINGS = NO;
				SWIFT_VERSION = 5.0;
				TARGETED_DEVICE_FAMILY = "1,2";
				TEST_TARGET_NAME = Marvel;
			};
			name = Release;
		};
/* End XCBuildConfiguration section */

/* Begin XCConfigurationList section */
		04DF1BCC291AC26600BF8DC6 /* Build configuration list for PBXProject "Marvel" */ = {
			isa = XCConfigurationList;
			buildConfigurations = (
				04DF1BFC291AC26700BF8DC6 /* Debug */,
				04DF1BFD291AC26700BF8DC6 /* Release */,
			);
			defaultConfigurationIsVisible = 0;
			defaultConfigurationName = Release;
		};
		04DF1BFE291AC26700BF8DC6 /* Build configuration list for PBXNativeTarget "Marvel" */ = {
			isa = XCConfigurationList;
			buildConfigurations = (
				04DF1BFF291AC26700BF8DC6 /* Debug */,
				04DF1C00291AC26700BF8DC6 /* Release */,
			);
			defaultConfigurationIsVisible = 0;
			defaultConfigurationName = Release;
		};
		04DF1C01291AC26700BF8DC6 /* Build configuration list for PBXNativeTarget "MarvelTests" */ = {
			isa = XCConfigurationList;
			buildConfigurations = (
				04DF1C02291AC26700BF8DC6 /* Debug */,
				04DF1C03291AC26700BF8DC6 /* Release */,
			);
			defaultConfigurationIsVisible = 0;
			defaultConfigurationName = Release;
		};
		04DF1C04291AC26700BF8DC6 /* Build configuration list for PBXNativeTarget "MarvelUITests" */ = {
			isa = XCConfigurationList;
			buildConfigurations = (
				04DF1C05291AC26700BF8DC6 /* Debug */,
				04DF1C06291AC26700BF8DC6 /* Release */,
			);
			defaultConfigurationIsVisible = 0;
			defaultConfigurationName = Release;
		};
/* End XCConfigurationList section */

/* Begin XCRemoteSwiftPackageReference section */
		04DF1C07291AC2C100BF8DC6 /* XCRemoteSwiftPackageReference "Kingfisher" */ = {
			isa = XCRemoteSwiftPackageReference;
			repositoryURL = "https://github.com/onevcat/Kingfisher.git";
			requirement = {
				branch = master;
				kind = branch;
			};
		};
		04DF1C0A291AC2D500BF8DC6 /* XCRemoteSwiftPackageReference "Alamofire" */ = {
			isa = XCRemoteSwiftPackageReference;
			repositoryURL = "https://github.com/Alamofire/Alamofire.git";
			requirement = {
				branch = master;
				kind = branch;
			};
		};
/* End XCRemoteSwiftPackageReference section */

/* Begin XCSwiftPackageProductDependency section */
		04DF1C08291AC2C100BF8DC6 /* Kingfisher */ = {
			isa = XCSwiftPackageProductDependency;
			package = 04DF1C07291AC2C100BF8DC6 /* XCRemoteSwiftPackageReference "Kingfisher" */;
			productName = Kingfisher;
		};
		04DF1C0B291AC2D500BF8DC6 /* Alamofire */ = {
			isa = XCSwiftPackageProductDependency;
			package = 04DF1C0A291AC2D500BF8DC6 /* XCRemoteSwiftPackageReference "Alamofire" */;
			productName = Alamofire;
		};
/* End XCSwiftPackageProductDependency section */

/* Begin XCVersionGroup section */
		04DF1BDD291AC26600BF8DC6 /* Marvel.xcdatamodeld */ = {
			isa = XCVersionGroup;
			children = (
				04DF1BDE291AC26600BF8DC6 /* Marvel.xcdatamodel */,
			);
			currentVersion = 04DF1BDE291AC26600BF8DC6 /* Marvel.xcdatamodel */;
			path = Marvel.xcdatamodeld;
			sourceTree = "<group>";
			versionGroupType = wrapper.xcdatamodel;
		};
/* End XCVersionGroup section */
	};
	rootObject = 04DF1BC9291AC26600BF8DC6 /* Project object */;
}
